
Microsoft Visual Studio Solution File, Format Version 12.00
# Visual Studio 15
VisualStudioVersion = 15.0.28307.572
MinimumVisualStudioVersion = 10.0.40219.1
Project("{FAE04EC0-301F-11D3-BF4B-00C04F79EFBC}") = "demowebapp", "demowebapp\demowebapp.csproj", "{09B48F48-CC9B-41AB-81D9-2EB9F0884E43}"
EndProject
Project("{FAE04EC0-301F-11D3-BF4B-00C04F79EFBC}") = "demowebapp.Tests", "demowebapp.Tests\demowebapp.Tests.csproj", "{5B71D335-0430-496A-A488-658B492BB980}"
EndProject
Global
	GlobalSection(SolutionConfigurationPlatforms) = preSolution
		Debug|Any CPU = Debug|Any CPU
		Release|Any CPU = Release|Any CPU
	EndGlobalSection
	GlobalSection(ProjectConfigurationPlatforms) = postSolution
		{09B48F48-CC9B-41AB-81D9-2EB9F0884E43}.Debug|Any CPU.ActiveCfg = Debug|Any CPU
		{09B48F48-CC9B-41AB-81D9-2EB9F0884E43}.Debug|Any CPU.Build.0 = Debug|Any CPU
		{09B48F48-CC9B-41AB-81D9-2EB9F0884E43}.Release|Any CPU.ActiveCfg = Release|Any CPU
		{09B48F48-CC9B-41AB-81D9-2EB9F0884E43}.Release|Any CPU.Build.0 = Release|Any CPU
		{5B71D335-0430-496A-A488-658B492BB980}.Debug|Any CPU.ActiveCfg = Debug|Any CPU
		{5B71D335-0430-496A-A488-658B492BB980}.Debug|Any CPU.Build.0 = Debug|Any CPU
		{5B71D335-0430-496A-A488-658B492BB980}.Release|Any CPU.ActiveCfg = Release|Any CPU
		{5B71D335-0430-496A-A488-658B492BB980}.Release|Any CPU.Build.0 = Release|Any CPU
	EndGlobalSection
	GlobalSection(SolutionProperties) = preSolution
		HideSolutionNode = FALSE
	EndGlobalSection
	GlobalSection(ExtensibilityGlobals) = postSolution
		SolutionGuid = {471E5116-8027-44C6-9D55-F3AE831B1289}
	EndGlobalSection
EndGlobal
